// !$*UTF8*$!
{
	archiveVersion = 1;
	classes = {
	};
	objectVersion = 51;
	objects = {

/* Begin PBXBuildFile section */
		904DA55D24302FD600BBB98C /* ForgotPasswordViewController.swift in Sources */ = {isa = PBXBuildFile; fileRef = 904DA55C24302FD600BBB98C /* ForgotPasswordViewController.swift */; };
		904DA55F2431789D00BBB98C /* ConfirmForgotPWViewController.swift in Sources */ = {isa = PBXBuildFile; fileRef = 904DA55E2431789C00BBB98C /* ConfirmForgotPWViewController.swift */; };
		90990337242FDB8900C89AAC /* AppDelegate.swift in Sources */ = {isa = PBXBuildFile; fileRef = 90990336242FDB8900C89AAC /* AppDelegate.swift */; };
		90990339242FDB8900C89AAC /* SceneDelegate.swift in Sources */ = {isa = PBXBuildFile; fileRef = 90990338242FDB8900C89AAC /* SceneDelegate.swift */; };
		9099033B242FDB8900C89AAC /* ViewController.swift in Sources */ = {isa = PBXBuildFile; fileRef = 9099033A242FDB8900C89AAC /* ViewController.swift */; };
		9099033E242FDB8900C89AAC /* Main.storyboard in Resources */ = {isa = PBXBuildFile; fileRef = 9099033C242FDB8900C89AAC /* Main.storyboard */; };
		90990340242FDB8C00C89AAC /* Assets.xcassets in Resources */ = {isa = PBXBuildFile; fileRef = 9099033F242FDB8C00C89AAC /* Assets.xcassets */; };
		90990343242FDB8C00C89AAC /* LaunchScreen.storyboard in Resources */ = {isa = PBXBuildFile; fileRef = 90990341242FDB8C00C89AAC /* LaunchScreen.storyboard */; };
		9099034B242FDE8000C89AAC /* awsconfiguration.json in Resources */ = {isa = PBXBuildFile; fileRef = 9099034A242FDE8000C89AAC /* awsconfiguration.json */; };
		9099034D242FE0F700C89AAC /* Authorization.swift in Sources */ = {isa = PBXBuildFile; fileRef = 9099034C242FE0F700C89AAC /* Authorization.swift */; };
		90990350242FE18000C89AAC /* User.swift in Sources */ = {isa = PBXBuildFile; fileRef = 9099034F242FE18000C89AAC /* User.swift */; };
		90990354242FF67400C89AAC /* ConfirmViewController.swift in Sources */ = {isa = PBXBuildFile; fileRef = 90990353242FF67400C89AAC /* ConfirmViewController.swift */; };
		F0317BC6B7C4851352EF8AFA /* Pods_AWSSignInProtoType2.framework in Frameworks */ = {isa = PBXBuildFile; fileRef = D1ECF74BC00A1CF8EDF3BDFA /* Pods_AWSSignInProtoType2.framework */; };
/* End PBXBuildFile section */

/* Begin PBXFileReference section */
		904DA55C24302FD600BBB98C /* ForgotPasswordViewController.swift */ = {isa = PBXFileReference; lastKnownFileType = sourcecode.swift; path = ForgotPasswordViewController.swift; sourceTree = "<group>"; };
		904DA55E2431789C00BBB98C /* ConfirmForgotPWViewController.swift */ = {isa = PBXFileReference; lastKnownFileType = sourcecode.swift; path = ConfirmForgotPWViewController.swift; sourceTree = "<group>"; };
		90990333242FDB8900C89AAC /* AWSSignInProtoType2.app */ = {isa = PBXFileReference; explicitFileType = wrapper.application; includeInIndex = 0; path = AWSSignInProtoType2.app; sourceTree = BUILT_PRODUCTS_DIR; };
		90990336242FDB8900C89AAC /* AppDelegate.swift */ = {isa = PBXFileReference; lastKnownFileType = sourcecode.swift; path = AppDelegate.swift; sourceTree = "<group>"; };
		90990338242FDB8900C89AAC /* SceneDelegate.swift */ = {isa = PBXFileReference; lastKnownFileType = sourcecode.swift; path = SceneDelegate.swift; sourceTree = "<group>"; };
		9099033A242FDB8900C89AAC /* ViewController.swift */ = {isa = PBXFileReference; lastKnownFileType = sourcecode.swift; path = ViewController.swift; sourceTree = "<group>"; };
		9099033D242FDB8900C89AAC /* Base */ = {isa = PBXFileReference; lastKnownFileType = file.storyboard; name = Base; path = Base.lproj/Main.storyboard; sourceTree = "<group>"; };
		9099033F242FDB8C00C89AAC /* Assets.xcassets */ = {isa = PBXFileReference; lastKnownFileType = folder.assetcatalog; path = Assets.xcassets; sourceTree = "<group>"; };
		90990342242FDB8C00C89AAC /* Base */ = {isa = PBXFileReference; lastKnownFileType = file.storyboard; name = Base; path = Base.lproj/LaunchScreen.storyboard; sourceTree = "<group>"; };
		90990344242FDB8C00C89AAC /* Info.plist */ = {isa = PBXFileReference; lastKnownFileType = text.plist.xml; path = Info.plist; sourceTree = "<group>"; };
		9099034A242FDE8000C89AAC /* awsconfiguration.json */ = {isa = PBXFileReference; fileEncoding = 4; lastKnownFileType = text.json; path = awsconfiguration.json; sourceTree = SOURCE_ROOT; };
		9099034C242FE0F700C89AAC /* Authorization.swift */ = {isa = PBXFileReference; lastKnownFileType = sourcecode.swift; path = Authorization.swift; sourceTree = "<group>"; };
		9099034F242FE18000C89AAC /* User.swift */ = {isa = PBXFileReference; lastKnownFileType = sourcecode.swift; path = User.swift; sourceTree = "<group>"; };
		90990353242FF67400C89AAC /* ConfirmViewController.swift */ = {isa = PBXFileReference; lastKnownFileType = sourcecode.swift; path = ConfirmViewController.swift; sourceTree = "<group>"; };
		D1ECF74BC00A1CF8EDF3BDFA /* Pods_AWSSignInProtoType2.framework */ = {isa = PBXFileReference; explicitFileType = wrapper.framework; includeInIndex = 0; path = Pods_AWSSignInProtoType2.framework; sourceTree = BUILT_PRODUCTS_DIR; };
		E3064F5CB38B27C0FD2F57B3 /* Pods-AWSSignInProtoType2.debug.xcconfig */ = {isa = PBXFileReference; includeInIndex = 1; lastKnownFileType = text.xcconfig; name = "Pods-AWSSignInProtoType2.debug.xcconfig"; path = "Target Support Files/Pods-AWSSignInProtoType2/Pods-AWSSignInProtoType2.debug.xcconfig"; sourceTree = "<group>"; };
		E608F0BD654B91A94ACA4BEB /* Pods-AWSSignInProtoType2.release.xcconfig */ = {isa = PBXFileReference; includeInIndex = 1; lastKnownFileType = text.xcconfig; name = "Pods-AWSSignInProtoType2.release.xcconfig"; path = "Target Support Files/Pods-AWSSignInProtoType2/Pods-AWSSignInProtoType2.release.xcconfig"; sourceTree = "<group>"; };
/* End PBXFileReference section */

/* Begin PBXFrameworksBuildPhase section */
		90990330242FDB8900C89AAC /* Frameworks */ = {
			isa = PBXFrameworksBuildPhase;
			buildActionMask = 2147483647;
			files = (
				F0317BC6B7C4851352EF8AFA /* Pods_AWSSignInProtoType2.framework in Frameworks */,
			);
			runOnlyForDeploymentPostprocessing = 0;
		};
/* End PBXFrameworksBuildPhase section */

/* Begin PBXGroup section */
		36A6AFBD8711C398188CF96B /* Pods */ = {
			isa = PBXGroup;
			children = (
				E3064F5CB38B27C0FD2F57B3 /* Pods-AWSSignInProtoType2.debug.xcconfig */,
				E608F0BD654B91A94ACA4BEB /* Pods-AWSSignInProtoType2.release.xcconfig */,
			);
			path = Pods;
			sourceTree = "<group>";
		};
		6CDD59B73FE4B1091E45CFB6 /* Frameworks */ = {
			isa = PBXGroup;
			children = (
				D1ECF74BC00A1CF8EDF3BDFA /* Pods_AWSSignInProtoType2.framework */,
			);
			name = Frameworks;
			sourceTree = "<group>";
		};
		9099032A242FDB8900C89AAC = {
			isa = PBXGroup;
			children = (
				90990335242FDB8900C89AAC /* AWSSignInProtoType2 */,
				90990334242FDB8900C89AAC /* Products */,
				36A6AFBD8711C398188CF96B /* Pods */,
				6CDD59B73FE4B1091E45CFB6 /* Frameworks */,
			);
			sourceTree = "<group>";
		};
		90990334242FDB8900C89AAC /* Products */ = {
			isa = PBXGroup;
			children = (
				90990333242FDB8900C89AAC /* AWSSignInProtoType2.app */,
			);
			name = Products;
			sourceTree = "<group>";
		};
		90990335242FDB8900C89AAC /* AWSSignInProtoType2 */ = {
			isa = PBXGroup;
			children = (
				90990351242FEEE100C89AAC /* HelperClasses */,
				9099034E242FE17700C89AAC /* Model */,
				9099034A242FDE8000C89AAC /* awsconfiguration.json */,
				90990336242FDB8900C89AAC /* AppDelegate.swift */,
				90990338242FDB8900C89AAC /* SceneDelegate.swift */,
				90990352242FEEF100C89AAC /* ViewControllers */,
				9099033C242FDB8900C89AAC /* Main.storyboard */,
				9099033F242FDB8C00C89AAC /* Assets.xcassets */,
				90990341242FDB8C00C89AAC /* LaunchScreen.storyboard */,
				90990344242FDB8C00C89AAC /* Info.plist */,
			);
			path = AWSSignInProtoType2;
			sourceTree = "<group>";
		};
		9099034E242FE17700C89AAC /* Model */ = {
			isa = PBXGroup;
			children = (
				9099034F242FE18000C89AAC /* User.swift */,
			);
			path = Model;
			sourceTree = "<group>";
		};
		90990351242FEEE100C89AAC /* HelperClasses */ = {
			isa = PBXGroup;
			children = (
				9099034C242FE0F700C89AAC /* Authorization.swift */,
			);
			path = HelperClasses;
			sourceTree = "<group>";
		};
		90990352242FEEF100C89AAC /* ViewControllers */ = {
			isa = PBXGroup;
			children = (
				9099033A242FDB8900C89AAC /* ViewController.swift */,
				90990353242FF67400C89AAC /* ConfirmViewController.swift */,
				904DA55C24302FD600BBB98C /* ForgotPasswordViewController.swift */,
				904DA55E2431789C00BBB98C /* ConfirmForgotPWViewController.swift */,
			);
			path = ViewControllers;
			sourceTree = "<group>";
		};
/* End PBXGroup section */

/* Begin PBXNativeTarget section */
		90990332242FDB8900C89AAC /* AWSSignInProtoType2 */ = {
			isa = PBXNativeTarget;
			buildConfigurationList = 90990347242FDB8C00C89AAC /* Build configuration list for PBXNativeTarget "AWSSignInProtoType2" */;
			buildPhases = (
				66332CC5A231B9E506330252 /* [CP] Check Pods Manifest.lock */,
				9099032F242FDB8900C89AAC /* Sources */,
				90990330242FDB8900C89AAC /* Frameworks */,
				90990331242FDB8900C89AAC /* Resources */,
				F4363C44F40A3ADB6DCF83E2 /* [CP] Embed Pods Frameworks */,
			);
			buildRules = (
			);
			dependencies = (
			);
			name = AWSSignInProtoType2;
			productName = AWSSignInProtoType2;
			productReference = 90990333242FDB8900C89AAC /* AWSSignInProtoType2.app */;
			productType = "com.apple.product-type.application";
		};
/* End PBXNativeTarget section */

/* Begin PBXProject section */
		9099032B242FDB8900C89AAC /* Project object */ = {
			isa = PBXProject;
			attributes = {
				LastSwiftUpdateCheck = 1140;
				LastUpgradeCheck = 1140;
				ORGANIZATIONNAME = "Greg Hughes";
				TargetAttributes = {
					90990332242FDB8900C89AAC = {
						CreatedOnToolsVersion = 11.4;
					};
				};
			};
			buildConfigurationList = 9099032E242FDB8900C89AAC /* Build configuration list for PBXProject "AWSSignInProtoType2" */;
			compatibilityVersion = "Xcode 9.3";
			developmentRegion = en;
			hasScannedForEncodings = 0;
			knownRegions = (
				en,
				Base,
			);
			mainGroup = 9099032A242FDB8900C89AAC;
			productRefGroup = 90990334242FDB8900C89AAC /* Products */;
			projectDirPath = "";
			projectRoot = "";
			targets = (
				90990332242FDB8900C89AAC /* AWSSignInProtoType2 */,
			);
		};
/* End PBXProject section */

/* Begin PBXResourcesBuildPhase section */
		90990331242FDB8900C89AAC /* Resources */ = {
			isa = PBXResourcesBuildPhase;
			buildActionMask = 2147483647;
			files = (
				9099034B242FDE8000C89AAC /* awsconfiguration.json in Resources */,
				90990343242FDB8C00C89AAC /* LaunchScreen.storyboard in Resources */,
				90990340242FDB8C00C89AAC /* Assets.xcassets in Resources */,
				9099033E242FDB8900C89AAC /* Main.storyboard in Resources */,
			);
			runOnlyForDeploymentPostprocessing = 0;
		};
/* End PBXResourcesBuildPhase section */

/* Begin PBXShellScriptBuildPhase section */
		66332CC5A231B9E506330252 /* [CP] Check Pods Manifest.lock */ = {
			isa = PBXShellScriptBuildPhase;
			buildActionMask = 2147483647;
			files = (
			);
			inputFileListPaths = (
			);
			inputPaths = (
				"${PODS_PODFILE_DIR_PATH}/Podfile.lock",
				"${PODS_ROOT}/Manifest.lock",
			);
			name = "[CP] Check Pods Manifest.lock";
			outputFileListPaths = (
			);
			outputPaths = (
				"$(DERIVED_FILE_DIR)/Pods-AWSSignInProtoType2-checkManifestLockResult.txt",
			);
			runOnlyForDeploymentPostprocessing = 0;
			shellPath = /bin/sh;
			shellScript = "diff \"${PODS_PODFILE_DIR_PATH}/Podfile.lock\" \"${PODS_ROOT}/Manifest.lock\" > /dev/null\nif [ $? != 0 ] ; then\n    # print error to STDERR\n    echo \"error: The sandbox is not in sync with the Podfile.lock. Run 'pod install' or update your CocoaPods installation.\" >&2\n    exit 1\nfi\n# This output is used by Xcode 'outputs' to avoid re-running this script phase.\necho \"SUCCESS\" > \"${SCRIPT_OUTPUT_FILE_0}\"\n";
			showEnvVarsInLog = 0;
		};
		F4363C44F40A3ADB6DCF83E2 /* [CP] Embed Pods Frameworks */ = {
			isa = PBXShellScriptBuildPhase;
			buildActionMask = 2147483647;
			files = (
			);
			inputFileListPaths = (
				"${PODS_ROOT}/Target Support Files/Pods-AWSSignInProtoType2/Pods-AWSSignInProtoType2-frameworks-${CONFIGURATION}-input-files.xcfilelist",
			);
			name = "[CP] Embed Pods Frameworks";
			outputFileListPaths = (
				"${PODS_ROOT}/Target Support Files/Pods-AWSSignInProtoType2/Pods-AWSSignInProtoType2-frameworks-${CONFIGURATION}-output-files.xcfilelist",
			);
			runOnlyForDeploymentPostprocessing = 0;
			shellPath = /bin/sh;
			shellScript = "\"${PODS_ROOT}/Target Support Files/Pods-AWSSignInProtoType2/Pods-AWSSignInProtoType2-frameworks.sh\"\n";
			showEnvVarsInLog = 0;
		};
/* End PBXShellScriptBuildPhase section */

/* Begin PBXSourcesBuildPhase section */
		9099032F242FDB8900C89AAC /* Sources */ = {
			isa = PBXSourcesBuildPhase;
			buildActionMask = 2147483647;
			files = (
				9099033B242FDB8900C89AAC /* ViewController.swift in Sources */,
				904DA55D24302FD600BBB98C /* ForgotPasswordViewController.swift in Sources */,
				90990337242FDB8900C89AAC /* AppDelegate.swift in Sources */,
				904DA55F2431789D00BBB98C /* ConfirmForgotPWViewController.swift in Sources */,
				90990339242FDB8900C89AAC /* SceneDelegate.swift in Sources */,
				90990354242FF67400C89AAC /* ConfirmViewController.swift in Sources */,
				90990350242FE18000C89AAC /* User.swift in Sources */,
				9099034D242FE0F700C89AAC /* Authorization.swift in Sources */,
			);
			runOnlyForDeploymentPostprocessing = 0;
		};
/* End PBXSourcesBuildPhase section */

/* Begin PBXVariantGroup section */
		9099033C242FDB8900C89AAC /* Main.storyboard */ = {
			isa = PBXVariantGroup;
			children = (
				9099033D242FDB8900C89AAC /* Base */,
			);
			name = Main.storyboard;
			sourceTree = "<group>";
		};
		90990341242FDB8C00C89AAC /* LaunchScreen.storyboard */ = {
			isa = PBXVariantGroup;
			children = (
				90990342242FDB8C00C89AAC /* Base */,
			);
			name = LaunchScreen.storyboard;
			sourceTree = "<group>";
		};
/* End PBXVariantGroup section */

/* Begin XCBuildConfiguration section */
		90990345242FDB8C00C89AAC /* Debug */ = {
			isa = XCBuildConfiguration;
			buildSettings = {
				ALWAYS_SEARCH_USER_PATHS = NO;
				CLANG_ANALYZER_NONNULL = YES;
				CLANG_ANALYZER_NUMBER_OBJECT_CONVERSION = YES_AGGRESSIVE;
				CLANG_CXX_LANGUAGE_STANDARD = "gnu++14";
				CLANG_CXX_LIBRARY = "libc++";
				CLANG_ENABLE_MODULES = YES;
				CLANG_ENABLE_OBJC_ARC = YES;
				CLANG_ENABLE_OBJC_WEAK = YES;
				CLANG_WARN_BLOCK_CAPTURE_AUTORELEASING = YES;
				CLANG_WARN_BOOL_CONVERSION = YES;
				CLANG_WARN_COMMA = YES;
				CLANG_WARN_CONSTANT_CONVERSION = YES;
				CLANG_WARN_DEPRECATED_OBJC_IMPLEMENTATIONS = YES;
				CLANG_WARN_DIRECT_OBJC_ISA_USAGE = YES_ERROR;
				CLANG_WARN_DOCUMENTATION_COMMENTS = YES;
				CLANG_WARN_EMPTY_BODY = YES;
				CLANG_WARN_ENUM_CONVERSION = YES;
				CLANG_WARN_INFINITE_RECURSION = YES;
				CLANG_WARN_INT_CONVERSION = YES;
				CLANG_WARN_NON_LITERAL_NULL_CONVERSION = YES;
				CLANG_WARN_OBJC_IMPLICIT_RETAIN_SELF = YES;
				CLANG_WARN_OBJC_LITERAL_CONVERSION = YES;
				CLANG_WARN_OBJC_ROOT_CLASS = YES_ERROR;
				CLANG_WARN_RANGE_LOOP_ANALYSIS = YES;
				CLANG_WARN_STRICT_PROTOTYPES = YES;
				CLANG_WARN_SUSPICIOUS_MOVE = YES;
				CLANG_WARN_UNGUARDED_AVAILABILITY = YES_AGGRESSIVE;
				CLANG_WARN_UNREACHABLE_CODE = YES;
				CLANG_WARN__DUPLICATE_METHOD_MATCH = YES;
				COPY_PHASE_STRIP = NO;
				DEBUG_INFORMATION_FORMAT = dwarf;
				ENABLE_STRICT_OBJC_MSGSEND = YES;
				ENABLE_TESTABILITY = YES;
				GCC_C_LANGUAGE_STANDARD = gnu11;
				GCC_DYNAMIC_NO_PIC = NO;
				GCC_NO_COMMON_BLOCKS = YES;
				GCC_OPTIMIZATION_LEVEL = 0;
				GCC_PREPROCESSOR_DEFINITIONS = (
					"DEBUG=1",
					"$(inherited)",
				);
				GCC_WARN_64_TO_32_BIT_CONVERSION = YES;
				GCC_WARN_ABOUT_RETURN_TYPE = YES_ERROR;
				GCC_WARN_UNDECLARED_SELECTOR = YES;
				GCC_WARN_UNINITIALIZED_AUTOS = YES_AGGRESSIVE;
				GCC_WARN_UNUSED_FUNCTION = YES;
				GCC_WARN_UNUSED_VARIABLE = YES;
				IPHONEOS_DEPLOYMENT_TARGET = 13.4;
				MTL_ENABLE_DEBUG_INFO = INCLUDE_SOURCE;
				MTL_FAST_MATH = YES;
				ONLY_ACTIVE_ARCH = YES;
				SDKROOT = iphoneos;
				SWIFT_ACTIVE_COMPILATION_CONDITIONS = DEBUG;
				SWIFT_OPTIMIZATION_LEVEL = "-Onone";
			};
			name = Debug;
		};
		90990346242FDB8C00C89AAC /* Release */ = {
			isa = XCBuildConfiguration;
			buildSettings = {
				ALWAYS_SEARCH_USER_PATHS = NO;
				CLANG_ANALYZER_NONNULL = YES;
				CLANG_ANALYZER_NUMBER_OBJECT_CONVERSION = YES_AGGRESSIVE;
				CLANG_CXX_LANGUAGE_STANDARD = "gnu++14";
				CLANG_CXX_LIBRARY = "libc++";
				CLANG_ENABLE_MODULES = YES;
				CLANG_ENABLE_OBJC_ARC = YES;
				CLANG_ENABLE_OBJC_WEAK = YES;
				CLANG_WARN_BLOCK_CAPTURE_AUTORELEASING = YES;
				CLANG_WARN_BOOL_CONVERSION = YES;
				CLANG_WARN_COMMA = YES;
				CLANG_WARN_CONSTANT_CONVERSION = YES;
				CLANG_WARN_DEPRECATED_OBJC_IMPLEMENTATIONS = YES;
				CLANG_WARN_DIRECT_OBJC_ISA_USAGE = YES_ERROR;
				CLANG_WARN_DOCUMENTATION_COMMENTS = YES;
				CLANG_WARN_EMPTY_BODY = YES;
				CLANG_WARN_ENUM_CONVERSION = YES;
				CLANG_WARN_INFINITE_RECURSION = YES;
				CLANG_WARN_INT_CONVERSION = YES;
				CLANG_WARN_NON_LITERAL_NULL_CONVERSION = YES;
				CLANG_WARN_OBJC_IMPLICIT_RETAIN_SELF = YES;
				CLANG_WARN_OBJC_LITERAL_CONVERSION = YES;
				CLANG_WARN_OBJC_ROOT_CLASS = YES_ERROR;
				CLANG_WARN_RANGE_LOOP_ANALYSIS = YES;
				CLANG_WARN_STRICT_PROTOTYPES = YES;
				CLANG_WARN_SUSPICIOUS_MOVE = YES;
				CLANG_WARN_UNGUARDED_AVAILABILITY = YES_AGGRESSIVE;
				CLANG_WARN_UNREACHABLE_CODE = YES;
				CLANG_WARN__DUPLICATE_METHOD_MATCH = YES;
				COPY_PHASE_STRIP = NO;
				DEBUG_INFORMATION_FORMAT = "dwarf-with-dsym";
				ENABLE_NS_ASSERTIONS = NO;
				ENABLE_STRICT_OBJC_MSGSEND = YES;
				GCC_C_LANGUAGE_STANDARD = gnu11;
				GCC_NO_COMMON_BLOCKS = YES;
				GCC_WARN_64_TO_32_BIT_CONVERSION = YES;
				GCC_WARN_ABOUT_RETURN_TYPE = YES_ERROR;
				GCC_WARN_UNDECLARED_SELECTOR = YES;
				GCC_WARN_UNINITIALIZED_AUTOS = YES_AGGRESSIVE;
				GCC_WARN_UNUSED_FUNCTION = YES;
				GCC_WARN_UNUSED_VARIABLE = YES;
				IPHONEOS_DEPLOYMENT_TARGET = 13.4;
				MTL_ENABLE_DEBUG_INFO = NO;
				MTL_FAST_MATH = YES;
				SDKROOT = iphoneos;
				SWIFT_COMPILATION_MODE = wholemodule;
				SWIFT_OPTIMIZATION_LEVEL = "-O";
				VALIDATE_PRODUCT = YES;
			};
			name = Release;
		};
		90990348242FDB8C00C89AAC /* Debug */ = {
			isa = XCBuildConfiguration;
			baseConfigurationReference = E3064F5CB38B27C0FD2F57B3 /* Pods-AWSSignInProtoType2.debug.xcconfig */;
			buildSettings = {
				ASSETCATALOG_COMPILER_APPICON_NAME = AppIcon;
				CODE_SIGN_STYLE = Automatic;
				DEVELOPMENT_TEAM = 57FTCZV5HS;
				INFOPLIST_FILE = AWSSignInProtoType2/Info.plist;
				LD_RUNPATH_SEARCH_PATHS = (
					"$(inherited)",
					"@executable_path/Frameworks",
				);
				PRODUCT_BUNDLE_IDENTIFIER = com.greghughes.AWSSignInProtoType2;
				PRODUCT_NAME = "$(TARGET_NAME)";
				SWIFT_VERSION = 5.0;
				TARGETED_DEVICE_FAMILY = "1,2";
			};
			name = Debug;
		};
		90990349242FDB8C00C89AAC /* Release */ = {
			isa = XCBuildConfiguration;
			baseConfigurationReference = E608F0BD654B91A94ACA4BEB /* Pods-AWSSignInProtoType2.release.xcconfig */;
			buildSettings = {
				ASSETCATALOG_COMPILER_APPICON_NAME = AppIcon;
				CODE_SIGN_STYLE = Automatic;
				DEVELOPMENT_TEAM = 57FTCZV5HS;
				INFOPLIST_FILE = AWSSignInProtoType2/Info.plist;
				LD_RUNPATH_SEARCH_PATHS = (
					"$(inherited)",
					"@executable_path/Frameworks",
				);
				PRODUCT_BUNDLE_IDENTIFIER = com.greghughes.AWSSignInProtoType2;
				PRODUCT_NAME = "$(TARGET_NAME)";
				SWIFT_VERSION = 5.0;
				TARGETED_DEVICE_FAMILY = "1,2";
			};
			name = Release;
		};
/* End XCBuildConfiguration section */

/* Begin XCConfigurationList section */
		9099032E242FDB8900C89AAC /* Build configuration list for PBXProject "AWSSignInProtoType2" */ = {
			isa = XCConfigurationList;
			buildConfigurations = (
				90990345242FDB8C00C89AAC /* Debug */,
				90990346242FDB8C00C89AAC /* Release */,
			);
			defaultConfigurationIsVisible = 0;
			defaultConfigurationName = Release;
		};
		90990347242FDB8C00C89AAC /* Build configuration list for PBXNativeTarget "AWSSignInProtoType2" */ = {
			isa = XCConfigurationList;
			buildConfigurations = (
				90990348242FDB8C00C89AAC /* Debug */,
				90990349242FDB8C00C89AAC /* Release */,
			);
			defaultConfigurationIsVisible = 0;
			defaultConfigurationName = Release;
		};
/* End XCConfigurationList section */
	};
	rootObject = 9099032B242FDB8900C89AAC /* Project object */;
}
